
Microsoft Visual Studio Solution File, Format Version 12.00
Project("{FAE04EC0-301F-11D3-BF4B-00C04F79EFBC}") = "MiniProfiler_Test", "MiniProfiler_Test\MiniProfiler_Test.csproj", "{0E801E22-505D-4657-A2DF-49D3ED3D7917}"
EndProject
Global
	GlobalSection(SolutionConfigurationPlatforms) = preSolution
		Debug|Any CPU = Debug|Any CPU
		Release|Any CPU = Release|Any CPU
	EndGlobalSection
	GlobalSection(ProjectConfigurationPlatforms) = postSolution
		{0E801E22-505D-4657-A2DF-49D3ED3D7917}.Debug|Any CPU.ActiveCfg = Debug|Any CPU
		{0E801E22-505D-4657-A2DF-49D3ED3D7917}.Debug|Any CPU.Build.0 = Debug|Any CPU
		{0E801E22-505D-4657-A2DF-49D3ED3D7917}.Release|Any CPU.ActiveCfg = Release|Any CPU
		{0E801E22-505D-4657-A2DF-49D3ED3D7917}.Release|Any CPU.Build.0 = Release|Any CPU
	EndGlobalSection
EndGlobal
